// !$*UTF8*$!
{
	archiveVersion = 1;
	classes = {
	};
	objectVersion = 56;
	objects = {

/* Begin PBXBuildFile section */
		C675514B2B9B57B300E5BD7F /* Apple_FrameworkApp.swift in Sources */ = {isa = PBXBuildFile; fileRef = C675514A2B9B57B300E5BD7F /* Apple_FrameworkApp.swift */; };
		C675514F2B9B57B400E5BD7F /* Assets.xcassets in Resources */ = {isa = PBXBuildFile; fileRef = C675514E2B9B57B400E5BD7F /* Assets.xcassets */; };
		C67551522B9B57B400E5BD7F /* Preview Assets.xcassets in Resources */ = {isa = PBXBuildFile; fileRef = C67551512B9B57B400E5BD7F /* Preview Assets.xcassets */; };
		C675515C2B9B57B400E5BD7F /* Apple_FrameworkTests.swift in Sources */ = {isa = PBXBuildFile; fileRef = C675515B2B9B57B400E5BD7F /* Apple_FrameworkTests.swift */; };
		C67551662B9B57B400E5BD7F /* Apple_FrameworkUITests.swift in Sources */ = {isa = PBXBuildFile; fileRef = C67551652B9B57B400E5BD7F /* Apple_FrameworkUITests.swift */; };
		C67551682B9B57B400E5BD7F /* Apple_FrameworkUITestsLaunchTests.swift in Sources */ = {isa = PBXBuildFile; fileRef = C67551672B9B57B400E5BD7F /* Apple_FrameworkUITestsLaunchTests.swift */; };
		C67551752B9B57FC00E5BD7F /* Framework.swift in Sources */ = {isa = PBXBuildFile; fileRef = C67551742B9B57FC00E5BD7F /* Framework.swift */; };
		C67551772B9B5B2200E5BD7F /* FrameworkGridView.swift in Sources */ = {isa = PBXBuildFile; fileRef = C67551762B9B5B2200E5BD7F /* FrameworkGridView.swift */; };
		C675517B2B9B888200E5BD7F /* FrameworkDetailView.swift in Sources */ = {isa = PBXBuildFile; fileRef = C675517A2B9B888200E5BD7F /* FrameworkDetailView.swift */; };
		C675517D2B9B9CA200E5BD7F /* FrameworkTitleView.swift in Sources */ = {isa = PBXBuildFile; fileRef = C675517C2B9B9CA200E5BD7F /* FrameworkTitleView.swift */; };
		C675517F2B9B9ED000E5BD7F /* AFButton.swift in Sources */ = {isa = PBXBuildFile; fileRef = C675517E2B9B9ED000E5BD7F /* AFButton.swift */; };
		C67551812B9C2D7500E5BD7F /* FrameworkGridViewModel.swift in Sources */ = {isa = PBXBuildFile; fileRef = C67551802B9C2D7500E5BD7F /* FrameworkGridViewModel.swift */; };
		C67551832B9C325A00E5BD7F /* SafariView.swift in Sources */ = {isa = PBXBuildFile; fileRef = C67551822B9C325A00E5BD7F /* SafariView.swift */; };
		C6A8F6302C2068F500EFF2FA /* xDismissButton.swift in Sources */ = {isa = PBXBuildFile; fileRef = C6A8F62F2C2068F500EFF2FA /* xDismissButton.swift */; };
/* End PBXBuildFile section */

/* Begin PBXContainerItemProxy section */
		C67551582B9B57B400E5BD7F /* PBXContainerItemProxy */ = {
			isa = PBXContainerItemProxy;
			containerPortal = C675513F2B9B57B300E5BD7F /* Project object */;
			proxyType = 1;
			remoteGlobalIDString = C67551462B9B57B300E5BD7F;
			remoteInfo = "Apple-Framework";
		};
		C67551622B9B57B400E5BD7F /* PBXContainerItemProxy */ = {
			isa = PBXContainerItemProxy;
			containerPortal = C675513F2B9B57B300E5BD7F /* Project object */;
			proxyType = 1;
			remoteGlobalIDString = C67551462B9B57B300E5BD7F;
			remoteInfo = "Apple-Framework";
		};
/* End PBXContainerItemProxy section */

/* Begin PBXFileReference section */
		C67551472B9B57B300E5BD7F /* Apple-Framework.app */ = {isa = PBXFileReference; explicitFileType = wrapper.application; includeInIndex = 0; path = "Apple-Framework.app"; sourceTree = BUILT_PRODUCTS_DIR; };
		C675514A2B9B57B300E5BD7F /* Apple_FrameworkApp.swift */ = {isa = PBXFileReference; lastKnownFileType = sourcecode.swift; path = Apple_FrameworkApp.swift; sourceTree = "<group>"; };
		C675514E2B9B57B400E5BD7F /* Assets.xcassets */ = {isa = PBXFileReference; lastKnownFileType = folder.assetcatalog; path = Assets.xcassets; sourceTree = "<group>"; };
		C67551512B9B57B400E5BD7F /* Preview Assets.xcassets */ = {isa = PBXFileReference; lastKnownFileType = folder.assetcatalog; path = "Preview Assets.xcassets"; sourceTree = "<group>"; };
		C67551572B9B57B400E5BD7F /* Apple-FrameworkTests.xctest */ = {isa = PBXFileReference; explicitFileType = wrapper.cfbundle; includeInIndex = 0; path = "Apple-FrameworkTests.xctest"; sourceTree = BUILT_PRODUCTS_DIR; };
		C675515B2B9B57B400E5BD7F /* Apple_FrameworkTests.swift */ = {isa = PBXFileReference; lastKnownFileType = sourcecode.swift; path = Apple_FrameworkTests.swift; sourceTree = "<group>"; };
		C67551612B9B57B400E5BD7F /* Apple-FrameworkUITests.xctest */ = {isa = PBXFileReference; explicitFileType = wrapper.cfbundle; includeInIndex = 0; path = "Apple-FrameworkUITests.xctest"; sourceTree = BUILT_PRODUCTS_DIR; };
		C67551652B9B57B400E5BD7F /* Apple_FrameworkUITests.swift */ = {isa = PBXFileReference; lastKnownFileType = sourcecode.swift; path = Apple_FrameworkUITests.swift; sourceTree = "<group>"; };
		C67551672B9B57B400E5BD7F /* Apple_FrameworkUITestsLaunchTests.swift */ = {isa = PBXFileReference; lastKnownFileType = sourcecode.swift; path = Apple_FrameworkUITestsLaunchTests.swift; sourceTree = "<group>"; };
		C67551742B9B57FC00E5BD7F /* Framework.swift */ = {isa = PBXFileReference; lastKnownFileType = sourcecode.swift; path = Framework.swift; sourceTree = "<group>"; };
		C67551762B9B5B2200E5BD7F /* FrameworkGridView.swift */ = {isa = PBXFileReference; lastKnownFileType = sourcecode.swift; path = FrameworkGridView.swift; sourceTree = "<group>"; };
		C675517A2B9B888200E5BD7F /* FrameworkDetailView.swift */ = {isa = PBXFileReference; lastKnownFileType = sourcecode.swift; path = FrameworkDetailView.swift; sourceTree = "<group>"; };
		C675517C2B9B9CA200E5BD7F /* FrameworkTitleView.swift */ = {isa = PBXFileReference; lastKnownFileType = sourcecode.swift; path = FrameworkTitleView.swift; sourceTree = "<group>"; };
		C675517E2B9B9ED000E5BD7F /* AFButton.swift */ = {isa = PBXFileReference; lastKnownFileType = sourcecode.swift; path = AFButton.swift; sourceTree = "<group>"; };
		C67551802B9C2D7500E5BD7F /* FrameworkGridViewModel.swift */ = {isa = PBXFileReference; lastKnownFileType = sourcecode.swift; path = FrameworkGridViewModel.swift; sourceTree = "<group>"; };
		C67551822B9C325A00E5BD7F /* SafariView.swift */ = {isa = PBXFileReference; lastKnownFileType = sourcecode.swift; path = SafariView.swift; sourceTree = "<group>"; };
		C6A8F62F2C2068F500EFF2FA /* xDismissButton.swift */ = {isa = PBXFileReference; lastKnownFileType = sourcecode.swift; path = xDismissButton.swift; sourceTree = "<group>"; };
/* End PBXFileReference section */

/* Begin PBXFrameworksBuildPhase section */
		C67551442B9B57B300E5BD7F /* Frameworks */ = {
			isa = PBXFrameworksBuildPhase;
			buildActionMask = 2147483647;
			files = (
			);
			runOnlyForDeploymentPostprocessing = 0;
		};
		C67551542B9B57B400E5BD7F /* Frameworks */ = {
			isa = PBXFrameworksBuildPhase;
			buildActionMask = 2147483647;
			files = (
			);
			runOnlyForDeploymentPostprocessing = 0;
		};
		C675515E2B9B57B400E5BD7F /* Frameworks */ = {
			isa = PBXFrameworksBuildPhase;
			buildActionMask = 2147483647;
			files = (
			);
			runOnlyForDeploymentPostprocessing = 0;
		};
/* End PBXFrameworksBuildPhase section */

/* Begin PBXGroup section */
		C675513E2B9B57B300E5BD7F = {
			isa = PBXGroup;
			children = (
				C67551492B9B57B300E5BD7F /* Apple-Framework */,
				C675515A2B9B57B400E5BD7F /* Apple-FrameworkTests */,
				C67551642B9B57B400E5BD7F /* Apple-FrameworkUITests */,
				C67551482B9B57B300E5BD7F /* Products */,
			);
			sourceTree = "<group>";
		};
		C67551482B9B57B300E5BD7F /* Products */ = {
			isa = PBXGroup;
			children = (
				C67551472B9B57B300E5BD7F /* Apple-Framework.app */,
				C67551572B9B57B400E5BD7F /* Apple-FrameworkTests.xctest */,
				C67551612B9B57B400E5BD7F /* Apple-FrameworkUITests.xctest */,
			);
			name = Products;
			sourceTree = "<group>";
		};
		C67551492B9B57B300E5BD7F /* Apple-Framework */ = {
			isa = PBXGroup;
			children = (
				C6A8F6392C206B0C00EFF2FA /* UIKit Components */,
				C6A8F6362C206ACD00EFF2FA /* Views */,
				C6A8F6342C206AA200EFF2FA /* Model */,
				C6A8F6312C206A2800EFF2FA /* Screens */,
				C675514A2B9B57B300E5BD7F /* Apple_FrameworkApp.swift */,
				C675514E2B9B57B400E5BD7F /* Assets.xcassets */,
				C67551502B9B57B400E5BD7F /* Preview Content */,
			);
			path = "Apple-Framework";
			sourceTree = "<group>";
		};
		C67551502B9B57B400E5BD7F /* Preview Content */ = {
			isa = PBXGroup;
			children = (
				C67551512B9B57B400E5BD7F /* Preview Assets.xcassets */,
			);
			path = "Preview Content";
			sourceTree = "<group>";
		};
		C675515A2B9B57B400E5BD7F /* Apple-FrameworkTests */ = {
			isa = PBXGroup;
			children = (
				C675515B2B9B57B400E5BD7F /* Apple_FrameworkTests.swift */,
			);
			path = "Apple-FrameworkTests";
			sourceTree = "<group>";
		};
		C67551642B9B57B400E5BD7F /* Apple-FrameworkUITests */ = {
			isa = PBXGroup;
			children = (
				C67551652B9B57B400E5BD7F /* Apple_FrameworkUITests.swift */,
				C67551672B9B57B400E5BD7F /* Apple_FrameworkUITestsLaunchTests.swift */,
			);
			path = "Apple-FrameworkUITests";
			sourceTree = "<group>";
		};
		C6A8F6312C206A2800EFF2FA /* Screens */ = {
			isa = PBXGroup;
			children = (
				C6A8F6332C206A8600EFF2FA /* FrameworkDetailView */,
				C6A8F6322C206A4300EFF2FA /* FrameworkGridView */,
			);
			path = Screens;
			sourceTree = "<group>";
		};
		C6A8F6322C206A4300EFF2FA /* FrameworkGridView */ = {
			isa = PBXGroup;
			children = (
				C67551802B9C2D7500E5BD7F /* FrameworkGridViewModel.swift */,
				C67551762B9B5B2200E5BD7F /* FrameworkGridView.swift */,
			);
			path = FrameworkGridView;
			sourceTree = "<group>";
		};
		C6A8F6332C206A8600EFF2FA /* FrameworkDetailView */ = {
			isa = PBXGroup;
			children = (
				C675517A2B9B888200E5BD7F /* FrameworkDetailView.swift */,
			);
			path = FrameworkDetailView;
			sourceTree = "<group>";
		};
		C6A8F6342C206AA200EFF2FA /* Model */ = {
			isa = PBXGroup;
			children = (
				C67551742B9B57FC00E5BD7F /* Framework.swift */,
			);
			path = Model;
			sourceTree = "<group>";
		};
		C6A8F6362C206ACD00EFF2FA /* Views */ = {
			isa = PBXGroup;
			children = (
				C6A8F6382C206AEB00EFF2FA /* View */,
				C6A8F6372C206AD700EFF2FA /* Buttons */,
			);
			path = Views;
			sourceTree = "<group>";
		};
		C6A8F6372C206AD700EFF2FA /* Buttons */ = {
			isa = PBXGroup;
			children = (
				C6A8F62F2C2068F500EFF2FA /* xDismissButton.swift */,
				C675517E2B9B9ED000E5BD7F /* AFButton.swift */,
			);
			path = Buttons;
			sourceTree = "<group>";
		};
		C6A8F6382C206AEB00EFF2FA /* View */ = {
			isa = PBXGroup;
			children = (
				C675517C2B9B9CA200E5BD7F /* FrameworkTitleView.swift */,
			);
			path = View;
			sourceTree = "<group>";
		};
		C6A8F6392C206B0C00EFF2FA /* UIKit Components */ = {
			isa = PBXGroup;
			children = (
				C67551822B9C325A00E5BD7F /* SafariView.swift */,
			);
			path = "UIKit Components";
			sourceTree = "<group>";
		};
/* End PBXGroup section */

/* Begin PBXNativeTarget section */
		C67551462B9B57B300E5BD7F /* Apple-Framework */ = {
			isa = PBXNativeTarget;
			buildConfigurationList = C675516B2B9B57B400E5BD7F /* Build configuration list for PBXNativeTarget "Apple-Framework" */;
			buildPhases = (
				C67551432B9B57B300E5BD7F /* Sources */,
				C67551442B9B57B300E5BD7F /* Frameworks */,
				C67551452B9B57B300E5BD7F /* Resources */,
			);
			buildRules = (
			);
			dependencies = (
			);
			name = "Apple-Framework";
			productName = "Apple-Framework";
			productReference = C67551472B9B57B300E5BD7F /* Apple-Framework.app */;
			productType = "com.apple.product-type.application";
		};
		C67551562B9B57B400E5BD7F /* Apple-FrameworkTests */ = {
			isa = PBXNativeTarget;
			buildConfigurationList = C675516E2B9B57B400E5BD7F /* Build configuration list for PBXNativeTarget "Apple-FrameworkTests" */;
			buildPhases = (
				C67551532B9B57B400E5BD7F /* Sources */,
				C67551542B9B57B400E5BD7F /* Frameworks */,
				C67551552B9B57B400E5BD7F /* Resources */,
			);
			buildRules = (
			);
			dependencies = (
				C67551592B9B57B400E5BD7F /* PBXTargetDependency */,
			);
			name = "Apple-FrameworkTests";
			productName = "Apple-FrameworkTests";
			productReference = C67551572B9B57B400E5BD7F /* Apple-FrameworkTests.xctest */;
			productType = "com.apple.product-type.bundle.unit-test";
		};
		C67551602B9B57B400E5BD7F /* Apple-FrameworkUITests */ = {
			isa = PBXNativeTarget;
			buildConfigurationList = C67551712B9B57B400E5BD7F /* Build configuration list for PBXNativeTarget "Apple-FrameworkUITests" */;
			buildPhases = (
				C675515D2B9B57B400E5BD7F /* Sources */,
				C675515E2B9B57B400E5BD7F /* Frameworks */,
				C675515F2B9B57B400E5BD7F /* Resources */,
			);
			buildRules = (
			);
			dependencies = (
				C67551632B9B57B400E5BD7F /* PBXTargetDependency */,
			);
			name = "Apple-FrameworkUITests";
			productName = "Apple-FrameworkUITests";
			productReference = C67551612B9B57B400E5BD7F /* Apple-FrameworkUITests.xctest */;
			productType = "com.apple.product-type.bundle.ui-testing";
		};
/* End PBXNativeTarget section */

/* Begin PBXProject section */
		C675513F2B9B57B300E5BD7F /* Project object */ = {
			isa = PBXProject;
			attributes = {
				BuildIndependentTargetsInParallel = 1;
				LastSwiftUpdateCheck = 1500;
				LastUpgradeCheck = 1500;
				TargetAttributes = {
					C67551462B9B57B300E5BD7F = {
						CreatedOnToolsVersion = 15.0;
					};
					C67551562B9B57B400E5BD7F = {
						CreatedOnToolsVersion = 15.0;
						TestTargetID = C67551462B9B57B300E5BD7F;
					};
					C67551602B9B57B400E5BD7F = {
						CreatedOnToolsVersion = 15.0;
						TestTargetID = C67551462B9B57B300E5BD7F;
					};
				};
			};
			buildConfigurationList = C67551422B9B57B300E5BD7F /* Build configuration list for PBXProject "Apple-Framework" */;
			compatibilityVersion = "Xcode 14.0";
			developmentRegion = en;
			hasScannedForEncodings = 0;
			knownRegions = (
				en,
				Base,
			);
			mainGroup = C675513E2B9B57B300E5BD7F;
			productRefGroup = C67551482B9B57B300E5BD7F /* Products */;
			projectDirPath = "";
			projectRoot = "";
			targets = (
				C67551462B9B57B300E5BD7F /* Apple-Framework */,
				C67551562B9B57B400E5BD7F /* Apple-FrameworkTests */,
				C67551602B9B57B400E5BD7F /* Apple-FrameworkUITests */,
			);
		};
/* End PBXProject section */

/* Begin PBXResourcesBuildPhase section */
		C67551452B9B57B300E5BD7F /* Resources */ = {
			isa = PBXResourcesBuildPhase;
			buildActionMask = 2147483647;
			files = (
				C67551522B9B57B400E5BD7F /* Preview Assets.xcassets in Resources */,
				C675514F2B9B57B400E5BD7F /* Assets.xcassets in Resources */,
			);
			runOnlyForDeploymentPostprocessing = 0;
		};
		C67551552B9B57B400E5BD7F /* Resources */ = {
			isa = PBXResourcesBuildPhase;
			buildActionMask = 2147483647;
			files = (
			);
			runOnlyForDeploymentPostprocessing = 0;
		};
		C675515F2B9B57B400E5BD7F /* Resources */ = {
			isa = PBXResourcesBuildPhase;
			buildActionMask = 2147483647;
			files = (
			);
			runOnlyForDeploymentPostprocessing = 0;
		};
/* End PBXResourcesBuildPhase section */

/* Begin PBXSourcesBuildPhase section */
		C67551432B9B57B300E5BD7F /* Sources */ = {
			isa = PBXSourcesBuildPhase;
			buildActionMask = 2147483647;
			files = (
				C675517B2B9B888200E5BD7F /* FrameworkDetailView.swift in Sources */,
				C67551772B9B5B2200E5BD7F /* FrameworkGridView.swift in Sources */,
				C67551752B9B57FC00E5BD7F /* Framework.swift in Sources */,
				C675514B2B9B57B300E5BD7F /* Apple_FrameworkApp.swift in Sources */,
				C6A8F6302C2068F500EFF2FA /* xDismissButton.swift in Sources */,
				C67551832B9C325A00E5BD7F /* SafariView.swift in Sources */,
				C675517F2B9B9ED000E5BD7F /* AFButton.swift in Sources */,
				C67551812B9C2D7500E5BD7F /* FrameworkGridViewModel.swift in Sources */,
				C675517D2B9B9CA200E5BD7F /* FrameworkTitleView.swift in Sources */,
			);
			runOnlyForDeploymentPostprocessing = 0;
		};
		C67551532B9B57B400E5BD7F /* Sources */ = {
			isa = PBXSourcesBuildPhase;
			buildActionMask = 2147483647;
			files = (
				C675515C2B9B57B400E5BD7F /* Apple_FrameworkTests.swift in Sources */,
			);
			runOnlyForDeploymentPostprocessing = 0;
		};
		C675515D2B9B57B400E5BD7F /* Sources */ = {
			isa = PBXSourcesBuildPhase;
			buildActionMask = 2147483647;
			files = (
				C67551682B9B57B400E5BD7F /* Apple_FrameworkUITestsLaunchTests.swift in Sources */,
				C67551662B9B57B400E5BD7F /* Apple_FrameworkUITests.swift in Sources */,
			);
			runOnlyForDeploymentPostprocessing = 0;
		};
/* End PBXSourcesBuildPhase section */

/* Begin PBXTargetDependency section */
		C67551592B9B57B400E5BD7F /* PBXTargetDependency */ = {
			isa = PBXTargetDependency;
			target = C67551462B9B57B300E5BD7F /* Apple-Framework */;
			targetProxy = C67551582B9B57B400E5BD7F /* PBXContainerItemProxy */;
		};
		C67551632B9B57B400E5BD7F /* PBXTargetDependency */ = {
			isa = PBXTargetDependency;
			target = C67551462B9B57B300E5BD7F /* Apple-Framework */;
			targetProxy = C67551622B9B57B400E5BD7F /* PBXContainerItemProxy */;
		};
/* End PBXTargetDependency section */

/* Begin XCBuildConfiguration section */
		C67551692B9B57B400E5BD7F /* Debug */ = {
			isa = XCBuildConfiguration;
			buildSettings = {
				ALWAYS_SEARCH_USER_PATHS = NO;
				ASSETCATALOG_COMPILER_GENERATE_SWIFT_ASSET_SYMBOL_EXTENSIONS = YES;
				CLANG_ANALYZER_NONNULL = YES;
				CLANG_ANALYZER_NUMBER_OBJECT_CONVERSION = YES_AGGRESSIVE;
				CLANG_CXX_LANGUAGE_STANDARD = "gnu++20";
				CLANG_ENABLE_MODULES = YES;
				CLANG_ENABLE_OBJC_ARC = YES;
				CLANG_ENABLE_OBJC_WEAK = YES;
				CLANG_WARN_BLOCK_CAPTURE_AUTORELEASING = YES;
				CLANG_WARN_BOOL_CONVERSION = YES;
				CLANG_WARN_COMMA = YES;
				CLANG_WARN_CONSTANT_CONVERSION = YES;
				CLANG_WARN_DEPRECATED_OBJC_IMPLEMENTATIONS = YES;
				CLANG_WARN_DIRECT_OBJC_ISA_USAGE = YES_ERROR;
				CLANG_WARN_DOCUMENTATION_COMMENTS = YES;
				CLANG_WARN_EMPTY_BODY = YES;
				CLANG_WARN_ENUM_CONVERSION = YES;
				CLANG_WARN_INFINITE_RECURSION = YES;
				CLANG_WARN_INT_CONVERSION = YES;
				CLANG_WARN_NON_LITERAL_NULL_CONVERSION = YES;
				CLANG_WARN_OBJC_IMPLICIT_RETAIN_SELF = YES;
				CLANG_WARN_OBJC_LITERAL_CONVERSION = YES;
				CLANG_WARN_OBJC_ROOT_CLASS = YES_ERROR;
				CLANG_WARN_QUOTED_INCLUDE_IN_FRAMEWORK_HEADER = YES;
				CLANG_WARN_RANGE_LOOP_ANALYSIS = YES;
				CLANG_WARN_STRICT_PROTOTYPES = YES;
				CLANG_WARN_SUSPICIOUS_MOVE = YES;
				CLANG_WARN_UNGUARDED_AVAILABILITY = YES_AGGRESSIVE;
				CLANG_WARN_UNREACHABLE_CODE = YES;
				CLANG_WARN__DUPLICATE_METHOD_MATCH = YES;
				COPY_PHASE_STRIP = NO;
				DEBUG_INFORMATION_FORMAT = dwarf;
				ENABLE_STRICT_OBJC_MSGSEND = YES;
				ENABLE_TESTABILITY = YES;
				ENABLE_USER_SCRIPT_SANDBOXING = YES;
				GCC_C_LANGUAGE_STANDARD = gnu17;
				GCC_DYNAMIC_NO_PIC = NO;
				GCC_NO_COMMON_BLOCKS = YES;
				GCC_OPTIMIZATION_LEVEL = 0;
				GCC_PREPROCESSOR_DEFINITIONS = (
					"DEBUG=1",
					"$(inherited)",
				);
				GCC_WARN_64_TO_32_BIT_CONVERSION = YES;
				GCC_WARN_ABOUT_RETURN_TYPE = YES_ERROR;
				GCC_WARN_UNDECLARED_SELECTOR = YES;
				GCC_WARN_UNINITIALIZED_AUTOS = YES_AGGRESSIVE;
				GCC_WARN_UNUSED_FUNCTION = YES;
				GCC_WARN_UNUSED_VARIABLE = YES;
				IPHONEOS_DEPLOYMENT_TARGET = 17.0;
				LOCALIZATION_PREFERS_STRING_CATALOGS = YES;
				MTL_ENABLE_DEBUG_INFO = INCLUDE_SOURCE;
				MTL_FAST_MATH = YES;
				ONLY_ACTIVE_ARCH = YES;
				SDKROOT = iphoneos;
				SWIFT_ACTIVE_COMPILATION_CONDITIONS = "DEBUG $(inherited)";
				SWIFT_OPTIMIZATION_LEVEL = "-Onone";
			};
			name = Debug;
		};
		C675516A2B9B57B400E5BD7F /* Release */ = {
			isa = XCBuildConfiguration;
			buildSettings = {
				ALWAYS_SEARCH_USER_PATHS = NO;
				ASSETCATALOG_COMPILER_GENERATE_SWIFT_ASSET_SYMBOL_EXTENSIONS = YES;
				CLANG_ANALYZER_NONNULL = YES;
				CLANG_ANALYZER_NUMBER_OBJECT_CONVERSION = YES_AGGRESSIVE;
				CLANG_CXX_LANGUAGE_STANDARD = "gnu++20";
				CLANG_ENABLE_MODULES = YES;
				CLANG_ENABLE_OBJC_ARC = YES;
				CLANG_ENABLE_OBJC_WEAK = YES;
				CLANG_WARN_BLOCK_CAPTURE_AUTORELEASING = YES;
				CLANG_WARN_BOOL_CONVERSION = YES;
				CLANG_WARN_COMMA = YES;
				CLANG_WARN_CONSTANT_CONVERSION = YES;
				CLANG_WARN_DEPRECATED_OBJC_IMPLEMENTATIONS = YES;
				CLANG_WARN_DIRECT_OBJC_ISA_USAGE = YES_ERROR;
				CLANG_WARN_DOCUMENTATION_COMMENTS = YES;
				CLANG_WARN_EMPTY_BODY = YES;
				CLANG_WARN_ENUM_CONVERSION = YES;
				CLANG_WARN_INFINITE_RECURSION = YES;
				CLANG_WARN_INT_CONVERSION = YES;
				CLANG_WARN_NON_LITERAL_NULL_CONVERSION = YES;
				CLANG_WARN_OBJC_IMPLICIT_RETAIN_SELF = YES;
				CLANG_WARN_OBJC_LITERAL_CONVERSION = YES;
				CLANG_WARN_OBJC_ROOT_CLASS = YES_ERROR;
				CLANG_WARN_QUOTED_INCLUDE_IN_FRAMEWORK_HEADER = YES;
				CLANG_WARN_RANGE_LOOP_ANALYSIS = YES;
				CLANG_WARN_STRICT_PROTOTYPES = YES;
				CLANG_WARN_SUSPICIOUS_MOVE = YES;
				CLANG_WARN_UNGUARDED_AVAILABILITY = YES_AGGRESSIVE;
				CLANG_WARN_UNREACHABLE_CODE = YES;
				CLANG_WARN__DUPLICATE_METHOD_MATCH = YES;
				COPY_PHASE_STRIP = NO;
				DEBUG_INFORMATION_FORMAT = "dwarf-with-dsym";
				ENABLE_NS_ASSERTIONS = NO;
				ENABLE_STRICT_OBJC_MSGSEND = YES;
				ENABLE_USER_SCRIPT_SANDBOXING = YES;
				GCC_C_LANGUAGE_STANDARD = gnu17;
				GCC_NO_COMMON_BLOCKS = YES;
				GCC_WARN_64_TO_32_BIT_CONVERSION = YES;
				GCC_WARN_ABOUT_RETURN_TYPE = YES_ERROR;
				GCC_WARN_UNDECLARED_SELECTOR = YES;
				GCC_WARN_UNINITIALIZED_AUTOS = YES_AGGRESSIVE;
				GCC_WARN_UNUSED_FUNCTION = YES;
				GCC_WARN_UNUSED_VARIABLE = YES;
				IPHONEOS_DEPLOYMENT_TARGET = 17.0;
				LOCALIZATION_PREFERS_STRING_CATALOGS = YES;
				MTL_ENABLE_DEBUG_INFO = NO;
				MTL_FAST_MATH = YES;
				SDKROOT = iphoneos;
				SWIFT_COMPILATION_MODE = wholemodule;
				VALIDATE_PRODUCT = YES;
			};
			name = Release;
		};
		C675516C2B9B57B400E5BD7F /* Debug */ = {
			isa = XCBuildConfiguration;
			buildSettings = {
				ASSETCATALOG_COMPILER_APPICON_NAME = AppIcon;
				ASSETCATALOG_COMPILER_GLOBAL_ACCENT_COLOR_NAME = AccentColor;
				CODE_SIGN_STYLE = Automatic;
				CURRENT_PROJECT_VERSION = 1;
				DEVELOPMENT_ASSET_PATHS = "\"Apple-Framework/Preview Content\"";
				DEVELOPMENT_TEAM = HMY846G9U2;
				ENABLE_PREVIEWS = YES;
				GENERATE_INFOPLIST_FILE = YES;
				INFOPLIST_KEY_UIApplicationSceneManifest_Generation = YES;
				INFOPLIST_KEY_UIApplicationSupportsIndirectInputEvents = YES;
				INFOPLIST_KEY_UILaunchScreen_Generation = YES;
				INFOPLIST_KEY_UISupportedInterfaceOrientations_iPad = "UIInterfaceOrientationPortrait UIInterfaceOrientationPortraitUpsideDown UIInterfaceOrientationLandscapeLeft UIInterfaceOrientationLandscapeRight";
				INFOPLIST_KEY_UISupportedInterfaceOrientations_iPhone = "UIInterfaceOrientationPortrait UIInterfaceOrientationLandscapeLeft UIInterfaceOrientationLandscapeRight";
				LD_RUNPATH_SEARCH_PATHS = (
					"$(inherited)",
					"@executable_path/Frameworks",
				);
				MARKETING_VERSION = 1.0;
				PRODUCT_BUNDLE_IDENTIFIER = "vikram.Apple-Framework";
				PRODUCT_NAME = "$(TARGET_NAME)";
				SWIFT_EMIT_LOC_STRINGS = YES;
				SWIFT_VERSION = 5.0;
				TARGETED_DEVICE_FAMILY = "1,2";
			};
			name = Debug;
		};
		C675516D2B9B57B400E5BD7F /* Release */ = {
			isa = XCBuildConfiguration;
			buildSettings = {
				ASSETCATALOG_COMPILER_APPICON_NAME = AppIcon;
				ASSETCATALOG_COMPILER_GLOBAL_ACCENT_COLOR_NAME = AccentColor;
				CODE_SIGN_STYLE = Automatic;
				CURRENT_PROJECT_VERSION = 1;
				DEVELOPMENT_ASSET_PATHS = "\"Apple-Framework/Preview Content\"";
				DEVELOPMENT_TEAM = HMY846G9U2;
				ENABLE_PREVIEWS = YES;
				GENERATE_INFOPLIST_FILE = YES;
				INFOPLIST_KEY_UIApplicationSceneManifest_Generation = YES;
				INFOPLIST_KEY_UIApplicationSupportsIndirectInputEvents = YES;
				INFOPLIST_KEY_UILaunchScreen_Generation = YES;
				INFOPLIST_KEY_UISupportedInterfaceOrientations_iPad = "UIInterfaceOrientationPortrait UIInterfaceOrientationPortraitUpsideDown UIInterfaceOrientationLandscapeLeft UIInterfaceOrientationLandscapeRight";
				INFOPLIST_KEY_UISupportedInterfaceOrientations_iPhone = "UIInterfaceOrientationPortrait UIInterfaceOrientationLandscapeLeft UIInterfaceOrientationLandscapeRight";
				LD_RUNPATH_SEARCH_PATHS = (
					"$(inherited)",
					"@executable_path/Frameworks",
				);
				MARKETING_VERSION = 1.0;
				PRODUCT_BUNDLE_IDENTIFIER = "vikram.Apple-Framework";
				PRODUCT_NAME = "$(TARGET_NAME)";
				SWIFT_EMIT_LOC_STRINGS = YES;
				SWIFT_VERSION = 5.0;
				TARGETED_DEVICE_FAMILY = "1,2";
			};
			name = Release;
		};
		C675516F2B9B57B400E5BD7F /* Debug */ = {
			isa = XCBuildConfiguration;
			buildSettings = {
				ALWAYS_EMBED_SWIFT_STANDARD_LIBRARIES = YES;
				BUNDLE_LOADER = "$(TEST_HOST)";
				CODE_SIGN_STYLE = Automatic;
				CURRENT_PROJECT_VERSION = 1;
				DEVELOPMENT_TEAM = HMY846G9U2;
				GENERATE_INFOPLIST_FILE = YES;
				IPHONEOS_DEPLOYMENT_TARGET = 17.0;
				MARKETING_VERSION = 1.0;
				PRODUCT_BUNDLE_IDENTIFIER = "vikram.Apple-FrameworkTests";
				PRODUCT_NAME = "$(TARGET_NAME)";
				SWIFT_EMIT_LOC_STRINGS = NO;
				SWIFT_VERSION = 5.0;
				TARGETED_DEVICE_FAMILY = "1,2";
				TEST_HOST = "$(BUILT_PRODUCTS_DIR)/Apple-Framework.app/$(BUNDLE_EXECUTABLE_FOLDER_PATH)/Apple-Framework";
			};
			name = Debug;
		};
		C67551702B9B57B400E5BD7F /* Release */ = {
			isa = XCBuildConfiguration;
			buildSettings = {
				ALWAYS_EMBED_SWIFT_STANDARD_LIBRARIES = YES;
				BUNDLE_LOADER = "$(TEST_HOST)";
				CODE_SIGN_STYLE = Automatic;
				CURRENT_PROJECT_VERSION = 1;
				DEVELOPMENT_TEAM = HMY846G9U2;
				GENERATE_INFOPLIST_FILE = YES;
				IPHONEOS_DEPLOYMENT_TARGET = 17.0;
				MARKETING_VERSION = 1.0;
				PRODUCT_BUNDLE_IDENTIFIER = "vikram.Apple-FrameworkTests";
				PRODUCT_NAME = "$(TARGET_NAME)";
				SWIFT_EMIT_LOC_STRINGS = NO;
				SWIFT_VERSION = 5.0;
				TARGETED_DEVICE_FAMILY = "1,2";
				TEST_HOST = "$(BUILT_PRODUCTS_DIR)/Apple-Framework.app/$(BUNDLE_EXECUTABLE_FOLDER_PATH)/Apple-Framework";
			};
			name = Release;
		};
		C67551722B9B57B400E5BD7F /* Debug */ = {
			isa = XCBuildConfiguration;
			buildSettings = {
				ALWAYS_EMBED_SWIFT_STANDARD_LIBRARIES = YES;
				CODE_SIGN_STYLE = Automatic;
				CURRENT_PROJECT_VERSION = 1;
				DEVELOPMENT_TEAM = HMY846G9U2;
				GENERATE_INFOPLIST_FILE = YES;
				MARKETING_VERSION = 1.0;
				PRODUCT_BUNDLE_IDENTIFIER = "vikram.Apple-FrameworkUITests";
				PRODUCT_NAME = "$(TARGET_NAME)";
				SWIFT_EMIT_LOC_STRINGS = NO;
				SWIFT_VERSION = 5.0;
				TARGETED_DEVICE_FAMILY = "1,2";
				TEST_TARGET_NAME = "Apple-Framework";
			};
			name = Debug;
		};
		C67551732B9B57B400E5BD7F /* Release */ = {
			isa = XCBuildConfiguration;
			buildSettings = {
				ALWAYS_EMBED_SWIFT_STANDARD_LIBRARIES = YES;
				CODE_SIGN_STYLE = Automatic;
				CURRENT_PROJECT_VERSION = 1;
				DEVELOPMENT_TEAM = HMY846G9U2;
				GENERATE_INFOPLIST_FILE = YES;
				MARKETING_VERSION = 1.0;
				PRODUCT_BUNDLE_IDENTIFIER = "vikram.Apple-FrameworkUITests";
				PRODUCT_NAME = "$(TARGET_NAME)";
				SWIFT_EMIT_LOC_STRINGS = NO;
				SWIFT_VERSION = 5.0;
				TARGETED_DEVICE_FAMILY = "1,2";
				TEST_TARGET_NAME = "Apple-Framework";
			};
			name = Release;
		};
/* End XCBuildConfiguration section */

/* Begin XCConfigurationList section */
		C67551422B9B57B300E5BD7F /* Build configuration list for PBXProject "Apple-Framework" */ = {
			isa = XCConfigurationList;
			buildConfigurations = (
				C67551692B9B57B400E5BD7F /* Debug */,
				C675516A2B9B57B400E5BD7F /* Release */,
			);
			defaultConfigurationIsVisible = 0;
			defaultConfigurationName = Release;
		};
		C675516B2B9B57B400E5BD7F /* Build configuration list for PBXNativeTarget "Apple-Framework" */ = {
			isa = XCConfigurationList;
			buildConfigurations = (
				C675516C2B9B57B400E5BD7F /* Debug */,
				C675516D2B9B57B400E5BD7F /* Release */,
			);
			defaultConfigurationIsVisible = 0;
			defaultConfigurationName = Release;
		};
		C675516E2B9B57B400E5BD7F /* Build configuration list for PBXNativeTarget "Apple-FrameworkTests" */ = {
			isa = XCConfigurationList;
			buildConfigurations = (
				C675516F2B9B57B400E5BD7F /* Debug */,
				C67551702B9B57B400E5BD7F /* Release */,
			);
			defaultConfigurationIsVisible = 0;
			defaultConfigurationName = Release;
		};
		C67551712B9B57B400E5BD7F /* Build configuration list for PBXNativeTarget "Apple-FrameworkUITests" */ = {
			isa = XCConfigurationList;
			buildConfigurations = (
				C67551722B9B57B400E5BD7F /* Debug */,
				C67551732B9B57B400E5BD7F /* Release */,
			);
			defaultConfigurationIsVisible = 0;
			defaultConfigurationName = Release;
		};
/* End XCConfigurationList section */
	};
	rootObject = C675513F2B9B57B300E5BD7F /* Project object */;
}
